
Microsoft Visual Studio Solution File, Format Version 12.00
# Visual Studio Version 16
VisualStudioVersion = 16.0.28803.202
MinimumVisualStudioVersion = 10.0.40219.1
Project("{FAE04EC0-301F-11D3-BF4B-00C04F79EFBC}") = "Week6Functions", "Week6Functions\Week6Functions.csproj", "{CAB75EB2-6F34-4DFA-9D85-30178DDB32A2}"
EndProject
Project("{FAE04EC0-301F-11D3-BF4B-00C04F79EFBC}") = "Params", "Params\Params.csproj", "{AB863571-5E1D-4C64-96EE-C346D7B13046}"
EndProject
Global
	GlobalSection(SolutionConfigurationPlatforms) = preSolution
		Debug|Any CPU = Debug|Any CPU
		Release|Any CPU = Release|Any CPU
	EndGlobalSection
	GlobalSection(ProjectConfigurationPlatforms) = postSolution
		{CAB75EB2-6F34-4DFA-9D85-30178DDB32A2}.Debug|Any CPU.ActiveCfg = Debug|Any CPU
		{CAB75EB2-6F34-4DFA-9D85-30178DDB32A2}.Debug|Any CPU.Build.0 = Debug|Any CPU
		{CAB75EB2-6F34-4DFA-9D85-30178DDB32A2}.Release|Any CPU.ActiveCfg = Release|Any CPU
		{CAB75EB2-6F34-4DFA-9D85-30178DDB32A2}.Release|Any CPU.Build.0 = Release|Any CPU
		{AB863571-5E1D-4C64-96EE-C346D7B13046}.Debug|Any CPU.ActiveCfg = Debug|Any CPU
		{AB863571-5E1D-4C64-96EE-C346D7B13046}.Debug|Any CPU.Build.0 = Debug|Any CPU
		{AB863571-5E1D-4C64-96EE-C346D7B13046}.Release|Any CPU.ActiveCfg = Release|Any CPU
		{AB863571-5E1D-4C64-96EE-C346D7B13046}.Release|Any CPU.Build.0 = Release|Any CPU
	EndGlobalSection
	GlobalSection(SolutionProperties) = preSolution
		HideSolutionNode = FALSE
	EndGlobalSection
	GlobalSection(ExtensibilityGlobals) = postSolution
		SolutionGuid = {DBEAFA37-6AE7-4A8D-B2C2-F897B4EF7CD3}
	EndGlobalSection
EndGlobal
